<?xml version="1.0" encoding="utf-8"?>
<Project ToolsVersion="4.0" xmlns="http://schemas.microsoft.com/developer/msbuild/2003">
  <ItemGroup>
    <Filter Include="Application">
      <UniqueIdentifier>{D9DE78AF-4594-F1A4-CE88-EB7B3A3DE8A8}</UniqueIdentifier>
    </Filter>
    <Filter Include="Clock">
      <UniqueIdentifier>{3188F80C-9D9C-20BE-661E-C41DD2F11CEF}</UniqueIdentifier>
    </Filter>
    <Filter Include="Config">
      <UniqueIdentifier>{5B583FAC-47FA-6982-30B5-7DD61CF6F0D2}</UniqueIdentifier>
    </Filter>
    <Filter Include="D3D11">
      <UniqueIdentifier>{82A1EA0C-EEB5-12BE-B737-B61D230B0FEF}</UniqueIdentifier>
    </Filter>
    <Filter Include="D3D11\Buffer">
      <UniqueIdentifier>{2B1D5E46-1780-EDEA-C005-26A1AC47B96D}</UniqueIdentifier>
    </Filter>
    <Filter Include="D3D11\Camera">
      <UniqueIdentifier>{BA2F4D47-A692-DCEB-4F18-15A23B5AA86E}</UniqueIdentifier>
    </Filter>
    <Filter Include="D3D11\Controller">
      <UniqueIdentifier>{D5776654-C170-85A6-EAA2-6A2BD6FA64B2}</UniqueIdentifier>
    </Filter>
    <Filter Include="D3D11\InputLayout">
      <UniqueIdentifier>{FF01221A-6B18-20B0-B48F-ABD120E5F037}</UniqueIdentifier>
    </Filter>
    <Filter Include="D3D11\Light">
      <UniqueIdentifier>{A94EEF7E-1504-6874-9EF8-614B0AAD5E78}</UniqueIdentifier>
    </Filter>
    <Filter Include="D3D11\Mesh">
      <UniqueIdentifier>{7E587470-6A10-B6BD-D317-8F19BFEE50AE}</UniqueIdentifier>
    </Filter>
    <Filter Include="D3D11\Mesh\MeshData">
      <UniqueIdentifier>{B4AF2CB7-2011-0AC5-A97E-507715DF4084}</UniqueIdentifier>
    </Filter>
    <Filter Include="D3D11\RenderTargetView">
      <UniqueIdentifier>{B3CFB29D-9FC9-DBEF-8836-720074CF415C}</UniqueIdentifier>
    </Filter>
    <Filter Include="D3D11\Sampler">
      <UniqueIdentifier>{A5E29C00-11A3-1837-DADD-61B4465D5D13}</UniqueIdentifier>
    </Filter>
    <Filter Include="D3D11\Scene">
      <UniqueIdentifier>{1FA86A7F-8B5D-E374-1452-DD4B8006DA78}</UniqueIdentifier>
    </Filter>
    <Filter Include="D3D11\Shader">
      <UniqueIdentifier>{E8CA176D-D42D-A711-7DB3-DFC769F57294}</UniqueIdentifier>
    </Filter>
    <Filter Include="D3D11\Shader\ShaderData">
      <UniqueIdentifier>{48B272BD-B4E9-BA54-BDF3-1E7829AAE14D}</UniqueIdentifier>
    </Filter>
    <Filter Include="D3D11\ShaderResourceTexture">
      <UniqueIdentifier>{E1BB51FB-4DC9-7FE1-D6AF-7BCC42BC4B98}</UniqueIdentifier>
    </Filter>
    <Filter Include="D3D11\SwapChain">
      <UniqueIdentifier>{4F10694A-BB9B-D60E-C4AC-590330B7320F}</UniqueIdentifier>
    </Filter>
    <Filter Include="FileReader">
      <UniqueIdentifier>{D844BDE8-C4FC-FE35-2D04-D89119DB9926}</UniqueIdentifier>
    </Filter>
    <Filter Include="FileReader\Parsers">
      <UniqueIdentifier>{47C99D05-33AD-5E5B-9C0D-59AE881049DD}</UniqueIdentifier>
    </Filter>
    <Filter Include="Helpers">
      <UniqueIdentifier>{D8389B9D-4418-1A39-4D30-A50FB98E809A}</UniqueIdentifier>
    </Filter>
    <Filter Include="Helpers\D3D11">
      <UniqueIdentifier>{C491D648-3052-527F-F98C-9BFC650C975B}</UniqueIdentifier>
    </Filter>
    <Filter Include="Helpers\MatrixCreator">
      <UniqueIdentifier>{0C601A79-78CC-D573-41C0-6DD1ADEBF7DB}</UniqueIdentifier>
    </Filter>
    <Filter Include="Helpers\Pipeline">
      <UniqueIdentifier>{FD5355AB-E94C-74FD-127F-5982FED65309}</UniqueIdentifier>
    </Filter>
    <Filter Include="Helpers\Window">
      <UniqueIdentifier>{BFE2E393-ABB0-D799-9444-48C080B1B3FE}</UniqueIdentifier>
    </Filter>
    <Filter Include="Input">
      <UniqueIdentifier>{953A660D-014F-8EBE-CAD0-311E36A48AEF}</UniqueIdentifier>
    </Filter>
    <Filter Include="Renderer">
      <UniqueIdentifier>{7CCE658F-689B-C09A-91B4-AE427DE0F528}</UniqueIdentifier>
    </Filter>
    <Filter Include="Shaders">
      <UniqueIdentifier>{EFAC8DF2-5B8C-0C8E-64A4-9764D00273EF}</UniqueIdentifier>
    </Filter>
    <Filter Include="Vertex">
      <UniqueIdentifier>{E3D3DED7-CF75-09AE-B830-1D02A47190FE}</UniqueIdentifier>
    </Filter>
  </ItemGroup>
  <ItemGroup>
    <ClInclude Include="Src\Application\Application.hpp">
      <Filter>Application</Filter>
    </ClInclude>
    <ClInclude Include="Src\Application\Setup.hpp">
      <Filter>Application</Filter>
    </ClInclude>
    <ClInclude Include="Src\Clock\Clock.hpp">
      <Filter>Clock</Filter>
    </ClInclude>
    <ClInclude Include="Src\Config\Configuration.hpp">
      <Filter>Config</Filter>
    </ClInclude>
    <ClInclude Include="Src\Config\FileConfig.hpp">
      <Filter>Config</Filter>
    </ClInclude>
    <ClInclude Include="Src\Config\IConfigBase.hpp">
      <Filter>Config</Filter>
    </ClInclude>
    <ClInclude Include="Src\Config\ProjectionMatrixConfig.hpp">
      <Filter>Config</Filter>
    </ClInclude>
    <ClInclude Include="Src\Config\RenderConfig.hpp">
      <Filter>Config</Filter>
    </ClInclude>
    <ClInclude Include="Src\Config\ViewMatrixConfig.hpp">
      <Filter>Config</Filter>
    </ClInclude>
    <ClInclude Include="Src\Config\WindowConfig.hpp">
      <Filter>Config</Filter>
    </ClInclude>
    <ClInclude Include="Src\Config\WorldMatrixConfig.hpp">
      <Filter>Config</Filter>
    </ClInclude>
    <ClInclude Include="Src\D3D11\Buffer\BufferFlagData.hpp">
      <Filter>D3D11\Buffer</Filter>
    </ClInclude>
    <ClInclude Include="Src\D3D11\Buffer\ConstantBuffer.hpp">
      <Filter>D3D11\Buffer</Filter>
    </ClInclude>
    <ClInclude Include="Src\D3D11\Buffer\DepthBuffer.hpp">
      <Filter>D3D11\Buffer</Filter>
    </ClInclude>
    <ClInclude Include="Src\D3D11\Buffer\IndexBuffer.hpp">
      <Filter>D3D11\Buffer</Filter>
    </ClInclude>
    <ClInclude Include="Src\D3D11\Buffer\StructuredBufferD3D11.h">
      <Filter>D3D11\Buffer</Filter>
    </ClInclude>
    <ClInclude Include="Src\D3D11\Buffer\VertexBuffer.hpp">
      <Filter>D3D11\Buffer</Filter>
    </ClInclude>
    <ClInclude Include="Src\D3D11\Camera\Camera.hpp">
      <Filter>D3D11\Camera</Filter>
    </ClInclude>
    <ClInclude Include="Src\D3D11\Camera\ProjectionInfo.hpp">
      <Filter>D3D11\Camera</Filter>
    </ClInclude>
    <ClInclude Include="Src\D3D11\Controller\Controller.hpp">
      <Filter>D3D11\Controller</Filter>
    </ClInclude>
    <ClInclude Include="Src\D3D11\InputLayout\InputLayout.hpp">
      <Filter>D3D11\InputLayout</Filter>
    </ClInclude>
    <ClInclude Include="Src\D3D11\Light\SpotLightCollectionD3D11.h">
      <Filter>D3D11\Light</Filter>
    </ClInclude>
    <ClInclude Include="Src\D3D11\Mesh\Mesh.hpp">
      <Filter>D3D11\Mesh</Filter>
    </ClInclude>
    <ClInclude Include="Src\D3D11\Mesh\MeshData\IndexInfo.hpp">
      <Filter>D3D11\Mesh\MeshData</Filter>
    </ClInclude>
    <ClInclude Include="Src\D3D11\Mesh\MeshData\MeshData.hpp">
      <Filter>D3D11\Mesh\MeshData</Filter>
    </ClInclude>
    <ClInclude Include="Src\D3D11\Mesh\MeshData\SubMeshInfo.hpp">
      <Filter>D3D11\Mesh\MeshData</Filter>
    </ClInclude>
    <ClInclude Include="Src\D3D11\Mesh\MeshData\VertexInfo.hpp">
      <Filter>D3D11\Mesh\MeshData</Filter>
    </ClInclude>
    <ClInclude Include="Src\D3D11\Mesh\SubMesh.hpp">
      <Filter>D3D11\Mesh</Filter>
    </ClInclude>
    <ClInclude Include="Src\D3D11\RenderTargetView\RenderTargetView.hpp">
      <Filter>D3D11\RenderTargetView</Filter>
    </ClInclude>
    <ClInclude Include="Src\D3D11\Sampler\Sampler.hpp">
      <Filter>D3D11\Sampler</Filter>
    </ClInclude>
    <ClInclude Include="Src\D3D11\Scene\Scene.hpp">
      <Filter>D3D11\Scene</Filter>
    </ClInclude>
    <ClInclude Include="Src\D3D11\Shader\ComputeShader.hpp">
      <Filter>D3D11\Shader</Filter>
    </ClInclude>
    <ClInclude Include="Src\D3D11\Shader\DomainShader.hpp">
      <Filter>D3D11\Shader</Filter>
    </ClInclude>
    <ClInclude Include="Src\D3D11\Shader\GeometryShader.hpp">
      <Filter>D3D11\Shader</Filter>
    </ClInclude>
    <ClInclude Include="Src\D3D11\Shader\HullShader.hpp">
      <Filter>D3D11\Shader</Filter>
    </ClInclude>
    <ClInclude Include="Src\D3D11\Shader\PixelShader.hpp">
      <Filter>D3D11\Shader</Filter>
    </ClInclude>
    <ClInclude Include="Src\D3D11\Shader\Shader.hpp">
      <Filter>D3D11\Shader</Filter>
    </ClInclude>
    <ClInclude Include="Src\D3D11\Shader\ShaderData\PixelShaderData.hpp">
      <Filter>D3D11\Shader\ShaderData</Filter>
    </ClInclude>
    <ClInclude Include="Src\D3D11\Shader\VertexShader.hpp">
      <Filter>D3D11\Shader</Filter>
    </ClInclude>
    <ClInclude Include="Src\D3D11\ShaderResourceTexture\ShaderResourceTextureD3D11.h">
      <Filter>D3D11\ShaderResourceTexture</Filter>
    </ClInclude>
    <ClInclude Include="Src\D3D11\SwapChain\SwapChain.hpp">
      <Filter>D3D11\SwapChain</Filter>
    </ClInclude>
    <ClInclude Include="Src\FileReader\FileReader.hpp">
      <Filter>FileReader</Filter>
    </ClInclude>
    <ClInclude Include="Src\FileReader\ImageReader.hpp">
      <Filter>FileReader</Filter>
    </ClInclude>
    <ClInclude Include="Src\FileReader\Parsers\IFileParser.hpp">
      <Filter>FileReader\Parsers</Filter>
    </ClInclude>
    <ClInclude Include="Src\FileReader\Parsers\ImageData.hpp">
      <Filter>FileReader\Parsers</Filter>
    </ClInclude>
    <ClInclude Include="Src\FileReader\Parsers\MTLData.hpp">
      <Filter>FileReader\Parsers</Filter>
    </ClInclude>
    <ClInclude Include="Src\FileReader\Parsers\MTLParser.hpp">
      <Filter>FileReader\Parsers</Filter>
    </ClInclude>
    <ClInclude Include="Src\FileReader\Parsers\OBJParser.hpp">
      <Filter>FileReader\Parsers</Filter>
    </ClInclude>
    <ClInclude Include="Src\Helpers\D3D11\D3D11Helper.hpp">
      <Filter>Helpers\D3D11</Filter>
    </ClInclude>
    <ClInclude Include="Src\Helpers\MatrixCreator\MatrixCreator.hpp">
      <Filter>Helpers\MatrixCreator</Filter>
    </ClInclude>
    <ClInclude Include="Src\Helpers\Pipeline\PipelineHelper.hpp">
      <Filter>Helpers\Pipeline</Filter>
    </ClInclude>
    <ClInclude Include="Src\Helpers\Window\WindowHelper.hpp">
      <Filter>Helpers\Window</Filter>
    </ClInclude>
    <ClInclude Include="Src\Input\Input.hpp">
      <Filter>Input</Filter>
    </ClInclude>
    <ClInclude Include="Src\Renderer\Renderer.hpp">
      <Filter>Renderer</Filter>
    </ClInclude>
    <ClInclude Include="Src\Vertex\Vertex.hpp">
      <Filter>Vertex</Filter>
    </ClInclude>
  </ItemGroup>
  <ItemGroup>
    <ClCompile Include="Src\Application\Application.cpp">
      <Filter>Application</Filter>
    </ClCompile>
    <ClCompile Include="Src\Application\Setup.cpp">
      <Filter>Application</Filter>
    </ClCompile>
    <ClCompile Include="Src\Clock\Clock.cpp">
      <Filter>Clock</Filter>
    </ClCompile>
    <ClCompile Include="Src\D3D11\Buffer\ConstantBuffer.cpp">
      <Filter>D3D11\Buffer</Filter>
    </ClCompile>
    <ClCompile Include="Src\D3D11\Buffer\DepthBuffer.cpp">
      <Filter>D3D11\Buffer</Filter>
    </ClCompile>
    <ClCompile Include="Src\D3D11\Buffer\VertexBuffer.cpp">
      <Filter>D3D11\Buffer</Filter>
    </ClCompile>
    <ClCompile Include="Src\D3D11\Camera\Camera.cpp">
      <Filter>D3D11\Camera</Filter>
    </ClCompile>
    <ClCompile Include="Src\D3D11\Camera\ProjectionInfo.cpp">
      <Filter>D3D11\Camera</Filter>
    </ClCompile>
    <ClCompile Include="Src\D3D11\Controller\Controller.cpp">
      <Filter>D3D11\Controller</Filter>
    </ClCompile>
    <ClCompile Include="Src\D3D11\InputLayout\InputLayout.cpp">
      <Filter>D3D11\InputLayout</Filter>
    </ClCompile>
    <ClCompile Include="Src\D3D11\Mesh\Mesh.cpp">
      <Filter>D3D11\Mesh</Filter>
    </ClCompile>
    <ClCompile Include="Src\D3D11\Mesh\SubMesh.cpp">
      <Filter>D3D11\Mesh</Filter>
    </ClCompile>
    <ClCompile Include="Src\D3D11\RenderTargetView\RenderTargetView.cpp">
      <Filter>D3D11\RenderTargetView</Filter>
    </ClCompile>
    <ClCompile Include="Src\D3D11\Sampler\Sampler.cpp">
      <Filter>D3D11\Sampler</Filter>
    </ClCompile>
    <ClCompile Include="Src\D3D11\Scene\Scene.cpp">
      <Filter>D3D11\Scene</Filter>
    </ClCompile>
    <ClCompile Include="Src\D3D11\Shader\ComputeShader.cpp">
      <Filter>D3D11\Shader</Filter>
    </ClCompile>
    <ClCompile Include="Src\D3D11\Shader\DomainShader.cpp">
      <Filter>D3D11\Shader</Filter>
    </ClCompile>
    <ClCompile Include="Src\D3D11\Shader\GeometryShader.cpp">
      <Filter>D3D11\Shader</Filter>
    </ClCompile>
    <ClCompile Include="Src\D3D11\Shader\HullShader.cpp">
      <Filter>D3D11\Shader</Filter>
    </ClCompile>
    <ClCompile Include="Src\D3D11\Shader\PixelShader.cpp">
      <Filter>D3D11\Shader</Filter>
    </ClCompile>
    <ClCompile Include="Src\D3D11\Shader\Shader.cpp">
      <Filter>D3D11\Shader</Filter>
    </ClCompile>
    <ClCompile Include="Src\D3D11\Shader\VertexShader.cpp">
      <Filter>D3D11\Shader</Filter>
    </ClCompile>
    <ClCompile Include="Src\D3D11\SwapChain\SwapChain.cpp">
      <Filter>D3D11\SwapChain</Filter>
    </ClCompile>
    <ClCompile Include="Src\FileReader\FileReader.cpp">
      <Filter>FileReader</Filter>
    </ClCompile>
    <ClCompile Include="Src\FileReader\ImageReader.cpp">
      <Filter>FileReader</Filter>
    </ClCompile>
    <ClCompile Include="Src\FileReader\Parsers\MTLParser.cpp">
      <Filter>FileReader\Parsers</Filter>
    </ClCompile>
    <ClCompile Include="Src\FileReader\Parsers\OBJParser.cpp">
      <Filter>FileReader\Parsers</Filter>
    </ClCompile>
    <ClCompile Include="Src\Helpers\D3D11\D3D11Helper.cpp">
      <Filter>Helpers\D3D11</Filter>
    </ClCompile>
    <ClCompile Include="Src\Helpers\MatrixCreator\MatrixCreator.cpp">
      <Filter>Helpers\MatrixCreator</Filter>
    </ClCompile>
    <ClCompile Include="Src\Helpers\Pipeline\PipelineHelper.cpp">
      <Filter>Helpers\Pipeline</Filter>
    </ClCompile>
    <ClCompile Include="Src\Helpers\Window\WindowHelper.cpp">
      <Filter>Helpers\Window</Filter>
    </ClCompile>
    <ClCompile Include="Src\Input\Input.cpp">
      <Filter>Input</Filter>
    </ClCompile>
    <ClCompile Include="Src\Main.cpp" />
    <ClCompile Include="Src\Renderer\Renderer.cpp">
      <Filter>Renderer</Filter>
    </ClCompile>
    <ClCompile Include="Src\Vertex\Vertex.cpp">
      <Filter>Vertex</Filter>
    </ClCompile>
  </ItemGroup>
  <ItemGroup>
    <None Include="Src\Shaders\csDeferredLight.hlsl">
      <Filter>Shaders</Filter>
    </None>
    <None Include="Src\Shaders\psDeferredGeometry.hlsl">
      <Filter>Shaders</Filter>
    </None>
    <None Include="Src\Shaders\psForward.hlsl">
      <Filter>Shaders</Filter>
    </None>
    <None Include="Src\Shaders\vsDeferredGeometry.hlsl">
      <Filter>Shaders</Filter>
    </None>
    <None Include="Src\Shaders\vsForward.hlsl">
      <Filter>Shaders</Filter>
    </None>
  </ItemGroup>
</Project>